
Microsoft Visual Studio Solution File, Format Version 12.00
# Visual Studio Version 17
VisualStudioVersion = 17.13.35818.85 d17.13
MinimumVisualStudioVersion = 10.0.40219.1
Project("{FAE04EC0-301F-11D3-BF4B-00C04F79EFBC}") = "ConsoleApp1", "ConsoleApp1\ConsoleApp1.csproj", "{01907ED3-F059-4017-8C33-16E64CB3F2D6}"
EndProject
Global
	GlobalSection(SolutionConfigurationPlatforms) = preSolution
		Debug|Any CPU = Debug|Any CPU
		Release|Any CPU = Release|Any CPU
	EndGlobalSection
	GlobalSection(ProjectConfigurationPlatforms) = postSolution
		{01907ED3-F059-4017-8C33-16E64CB3F2D6}.Debug|Any CPU.ActiveCfg = Debug|Any CPU
		{01907ED3-F059-4017-8C33-16E64CB3F2D6}.Debug|Any CPU.Build.0 = Debug|Any CPU
		{01907ED3-F059-4017-8C33-16E64CB3F2D6}.Release|Any CPU.ActiveCfg = Release|Any CPU
		{01907ED3-F059-4017-8C33-16E64CB3F2D6}.Release|Any CPU.Build.0 = Release|Any CPU
	EndGlobalSection
	GlobalSection(SolutionProperties) = preSolution
		HideSolutionNode = FALSE
	EndGlobalSection
	GlobalSection(ExtensibilityGlobals) = postSolution
		SolutionGuid = {BB30498E-F612-48D0-AFEE-92B0BF69DAD2}
	EndGlobalSection
EndGlobal
